
Microsoft Visual Studio Solution File, Format Version 12.00
# Visual Studio Version 17
VisualStudioVersion = 17.9.34622.214
MinimumVisualStudioVersion = 10.0.40219.1
Project("{8BC9CEB8-8B4A-11D0-8D11-00A0C91BC942}") = "DataContainers", "DataContainers\DataContainers.vcxproj", "{70A9D2BE-C154-459A-B894-09F423157632}"
EndProject
Project("{8BC9CEB8-8B4A-11D0-8D11-00A0C91BC942}") = "ForwardList", "ForwardList\ForwardList.vcxproj", "{D1809BFE-208A-40C9-B2F8-2E2119260CF4}"
EndProject
Project("{8BC9CEB8-8B4A-11D0-8D11-00A0C91BC942}") = "list2", "list2\list2.vcxproj", "{462A1CF1-2B2D-41E8-A6C9-F906A3130E66}"
EndProject
Global
	GlobalSection(SolutionConfigurationPlatforms) = preSolution
		Debug|x64 = Debug|x64
		Debug|x86 = Debug|x86
		Release|x64 = Release|x64
		Release|x86 = Release|x86
	EndGlobalSection
	GlobalSection(ProjectConfigurationPlatforms) = postSolution
		{70A9D2BE-C154-459A-B894-09F423157632}.Debug|x64.ActiveCfg = Debug|x64
		{70A9D2BE-C154-459A-B894-09F423157632}.Debug|x64.Build.0 = Debug|x64
		{70A9D2BE-C154-459A-B894-09F423157632}.Debug|x86.ActiveCfg = Debug|Win32
		{70A9D2BE-C154-459A-B894-09F423157632}.Debug|x86.Build.0 = Debug|Win32
		{70A9D2BE-C154-459A-B894-09F423157632}.Release|x64.ActiveCfg = Release|x64
		{70A9D2BE-C154-459A-B894-09F423157632}.Release|x64.Build.0 = Release|x64
		{70A9D2BE-C154-459A-B894-09F423157632}.Release|x86.ActiveCfg = Release|Win32
		{70A9D2BE-C154-459A-B894-09F423157632}.Release|x86.Build.0 = Release|Win32
		{D1809BFE-208A-40C9-B2F8-2E2119260CF4}.Debug|x64.ActiveCfg = Debug|x64
		{D1809BFE-208A-40C9-B2F8-2E2119260CF4}.Debug|x64.Build.0 = Debug|x64
		{D1809BFE-208A-40C9-B2F8-2E2119260CF4}.Debug|x86.ActiveCfg = Debug|Win32
		{D1809BFE-208A-40C9-B2F8-2E2119260CF4}.Debug|x86.Build.0 = Debug|Win32
		{D1809BFE-208A-40C9-B2F8-2E2119260CF4}.Release|x64.ActiveCfg = Release|x64
		{D1809BFE-208A-40C9-B2F8-2E2119260CF4}.Release|x64.Build.0 = Release|x64
		{D1809BFE-208A-40C9-B2F8-2E2119260CF4}.Release|x86.ActiveCfg = Release|Win32
		{D1809BFE-208A-40C9-B2F8-2E2119260CF4}.Release|x86.Build.0 = Release|Win32
		{462A1CF1-2B2D-41E8-A6C9-F906A3130E66}.Debug|x64.ActiveCfg = Debug|x64
		{462A1CF1-2B2D-41E8-A6C9-F906A3130E66}.Debug|x64.Build.0 = Debug|x64
		{462A1CF1-2B2D-41E8-A6C9-F906A3130E66}.Debug|x86.ActiveCfg = Debug|Win32
		{462A1CF1-2B2D-41E8-A6C9-F906A3130E66}.Debug|x86.Build.0 = Debug|Win32
		{462A1CF1-2B2D-41E8-A6C9-F906A3130E66}.Release|x64.ActiveCfg = Release|x64
		{462A1CF1-2B2D-41E8-A6C9-F906A3130E66}.Release|x64.Build.0 = Release|x64
		{462A1CF1-2B2D-41E8-A6C9-F906A3130E66}.Release|x86.ActiveCfg = Release|Win32
		{462A1CF1-2B2D-41E8-A6C9-F906A3130E66}.Release|x86.Build.0 = Release|Win32
	EndGlobalSection
	GlobalSection(SolutionProperties) = preSolution
		HideSolutionNode = FALSE
	EndGlobalSection
	GlobalSection(ExtensibilityGlobals) = postSolution
		SolutionGuid = {D85322DC-152D-4E3F-B9A9-C745CD6EBF64}
	EndGlobalSection
EndGlobal
